{
  "name": "@kyma-project/odata-react",
  "version": "0.3.4",
  "lockfileVersion": 1,
  "requires": true,
  "dependencies": {
    "@types/fundamental-react": {
      "version": "0.5.0",
      "resolved": "https://registry.npmjs.org/@types/fundamental-react/-/fundamental-react-0.5.0.tgz",
      "integrity": "sha512-pGgr0eRcr+Qrriqh6+VOmU6bOI4E5xMsHF8JIzLhtl8vR93fVmWdOuygPpcJXD1pVxj/huYZEfcm3E7SpGekLw==",
      "dev": true,
      "requires": {
        "@types/react": "*"
      }
    },
    "@types/prop-types": {
      "version": "15.7.2",
      "resolved": "https://registry.npmjs.org/@types/prop-types/-/prop-types-15.7.2.tgz",
      "integrity": "sha512-f8JzJNWVhKtc9dg/dyDNfliTKNOJSLa7Oht/ElZdF/UbMUmAH3rLmAk3ODNjw0mZajDEgatA03tRjB4+Dp/tzA==",
      "dev": true
    },
    "@types/react": {
      "version": "16.9.2",
      "resolved": "https://registry.npmjs.org/@types/react/-/react-16.9.2.tgz",
      "integrity": "sha512-jYP2LWwlh+FTqGd9v7ynUKZzjj98T8x7Yclz479QdRhHfuW9yQ+0jjnD31eXSXutmBpppj5PYNLYLRfnZJvcfg==",
      "dev": true,
      "requires": {
        "@types/prop-types": "*",
        "csstype": "^2.2.0"
      }
    },
    "constate": {
      "version": "1.2.0",
      "resolved": "https://registry.npmjs.org/constate/-/constate-1.2.0.tgz",
      "integrity": "sha512-cdcCg5MFSIU1sq091lpqi7RhY0KB6zYuSFtYOF9fLQRaudZVybRo7IahFxi7vvtfsuAysrTPAMmv5FDHLJ6K8Q=="
    },
    "csstype": {
      "version": "2.6.6",
      "resolved": "https://registry.npmjs.org/csstype/-/csstype-2.6.6.tgz",
      "integrity": "sha512-RpFbQGUE74iyPgvr46U9t1xoQBM8T4BL8SxrN66Le2xYAPSaDJJKeztV3awugusb3g3G9iL8StmkBBXhcbbXhg==",
      "dev": true
    },
    "sax": {
      "version": "1.2.4",
      "resolved": "https://registry.npmjs.org/sax/-/sax-1.2.4.tgz",
      "integrity": "sha512-NqVDv9TpANUjFm0N8uM5GxL36UgKi9/atZw+x7YFnQ8ckwFGKrl4xX4yWtrey3UJm5nP1kUbnYgLopqWNSRhWw=="
    },
    "xml-js": {
      "version": "1.6.11",
      "resolved": "https://registry.npmjs.org/xml-js/-/xml-js-1.6.11.tgz",
      "integrity": "sha512-7rVi2KMfwfWFl+GpPg6m80IVMWXLRjO+PxTq7V2CDhoGak0wzYzFgUY2m4XJ47OGdXd8eLE8EmwfAmdjw7lC1g==",
      "requires": {
        "sax": "^1.2.4"
      }
    },
    "xslt": {
      "version": "0.9.1",
      "resolved": "https://registry.npmjs.org/xslt/-/xslt-0.9.1.tgz",
      "integrity": "sha512-2eFkaiFRVkVzedBKYv3MUYmvvK9103NTNFGsyFhLim0Pad0q5yXp2j9tQM2lFW1gFr9fSXV70RRrdcRM7YdRcg=="
    }
  }
}
