# THIS IS AN AUTOGENERATED FILE. DO NOT EDIT THIS FILE DIRECTLY.
# yarn lockfile v1


"@types/fundamental-react@0.5.0":
  version "0.5.0"
  resolved "https://registry.yarnpkg.com/@types/fundamental-react/-/fundamental-react-0.5.0.tgz#6f8aa749d20587e69e6ecea69603c8bc8284c428"
  integrity sha512-pGgr0eRcr+Qrriqh6+VOmU6bOI4E5xMsHF8JIzLhtl8vR93fVmWdOuygPpcJXD1pVxj/huYZEfcm3E7SpGekLw==
  dependencies:
    "@types/react" "*"

"@types/prop-types@*":
  version "15.7.2"
  resolved "https://registry.yarnpkg.com/@types/prop-types/-/prop-types-15.7.2.tgz#0e58ae66773d7fd7c372a493aff740878ec9ceaa"
  integrity sha512-f8JzJNWVhKtc9dg/dyDNfliTKNOJSLa7Oht/ElZdF/UbMUmAH3rLmAk3ODNjw0mZajDEgatA03tRjB4+Dp/tzA==

"@types/react@*":
  version "16.9.2"
  resolved "https://registry.yarnpkg.com/@types/react/-/react-16.9.2.tgz#6d1765431a1ad1877979013906731aae373de268"
  integrity sha512-jYP2LWwlh+FTqGd9v7ynUKZzjj98T8x7Yclz479QdRhHfuW9yQ+0jjnD31eXSXutmBpppj5PYNLYLRfnZJvcfg==
  dependencies:
    "@types/prop-types" "*"
    csstype "^2.2.0"

classnames@^2.2.6:
  version "2.2.6"
  resolved "https://registry.yarnpkg.com/classnames/-/classnames-2.2.6.tgz#43935bffdd291f326dad0a205309b38d00f650ce"
  integrity sha512-JR/iSQOSt+LQIWwrwEzJ9uk0xfN3mTVYMwt1Ir5mUcSN6pU+V4zQFFaJsclJbPuAUQH+yfWef6tm7l1quW3C8Q==

constate@^1.2.0:
  version "1.2.0"
  resolved "https://registry.yarnpkg.com/constate/-/constate-1.2.0.tgz#2e1e608a8ecb91381fb850810ace712f1e45a504"
  integrity sha512-cdcCg5MFSIU1sq091lpqi7RhY0KB6zYuSFtYOF9fLQRaudZVybRo7IahFxi7vvtfsuAysrTPAMmv5FDHLJ6K8Q==

csstype@^2.2.0:
  version "2.6.6"
  resolved "https://registry.yarnpkg.com/csstype/-/csstype-2.6.6.tgz#c34f8226a94bbb10c32cc0d714afdf942291fc41"
  integrity sha512-RpFbQGUE74iyPgvr46U9t1xoQBM8T4BL8SxrN66Le2xYAPSaDJJKeztV3awugusb3g3G9iL8StmkBBXhcbbXhg==

fiori-fundamentals@^1.4.3:
  version "1.7.1"
  resolved "https://registry.yarnpkg.com/fiori-fundamentals/-/fiori-fundamentals-1.7.1.tgz#2687bb976c65f48fa06c4cdb0d49262bd32106a1"
  integrity sha512-t7pyojGOUmzENxMi88VBwA0gAHoEl6s3ImHLkwDj9acWhgQBSPXewUSvCQQGmRFDuCCmcc42zI62PG7Ql/Hyrg==

focus-trap-react@^6.0.0:
  version "6.0.0"
  resolved "https://registry.yarnpkg.com/focus-trap-react/-/focus-trap-react-6.0.0.tgz#3f5a9f68447dd374d22388fb4c50018be83e74a5"
  integrity sha512-mvEYxmP75PMx0vOqoIAmJHO/qUEvdTAdz6gLlEZyxxODnuKQdnKea2RWTYxghAPrV+ibiIq2o/GTSgQycnAjcw==
  dependencies:
    focus-trap "^4.0.2"

focus-trap@^4.0.2:
  version "4.0.2"
  resolved "https://registry.yarnpkg.com/focus-trap/-/focus-trap-4.0.2.tgz#4ee2b96547c9ea0e4252a2d4b2cca68944194663"
  integrity sha512-HtLjfAK7Hp2qbBtLS6wEznID1mPT+48ZnP2nkHzgjpL4kroYHg0CdqJ5cTXk+UO5znAxF5fRUkhdyfgrhh8Lzw==
  dependencies:
    tabbable "^3.1.2"
    xtend "^4.0.1"

fundamental-react@0.4.0:
  version "0.4.0"
  resolved "https://registry.yarnpkg.com/fundamental-react/-/fundamental-react-0.4.0.tgz#4d9d4738ad8107e320fc54e3a5db17e5eb99ad5e"
  integrity sha512-7Ft9CAsJufoitrBkcJXoInsD/JTl/X1IBluBamuIUI/SGNFX4coCj6GN2TdIr5dc55+pL/N51DDzGFCrw9oqxQ==
  dependencies:
    classnames "^2.2.6"
    focus-trap-react "^6.0.0"
    prop-types "^15.7.1"
    shortid "^2.2.14"

"js-tokens@^3.0.0 || ^4.0.0":
  version "4.0.0"
  resolved "https://registry.yarnpkg.com/js-tokens/-/js-tokens-4.0.0.tgz#19203fb59991df98e3a287050d4647cdeaf32499"
  integrity sha512-RdJUflcE3cUzKiMqQgsCu06FPu9UdIJO0beYbPhHN4k6apgJtifcoCtT9bcxOpYBtpD2kCM6Sbzg4CausW/PKQ==

loose-envify@^1.4.0:
  version "1.4.0"
  resolved "https://registry.yarnpkg.com/loose-envify/-/loose-envify-1.4.0.tgz#71ee51fa7be4caec1a63839f7e682d8132d30caf"
  integrity sha512-lyuxPGr/Wfhrlem2CL/UcnUc1zcqKAImBDzukY7Y5F/yQiNdko6+fRLevlw1HgMySw7f611UIY408EtxRSoK3Q==
  dependencies:
    js-tokens "^3.0.0 || ^4.0.0"

nanoid@^2.1.0:
  version "2.1.1"
  resolved "https://registry.yarnpkg.com/nanoid/-/nanoid-2.1.1.tgz#524fd4acd45c126e0c87cd43ab5ee8346e695df9"
  integrity sha512-0YbJdaL4JFoejIOoawgLcYValFGJ2iyUuVDIWL3g8Es87SSOWFbWdRUMV3VMSiyPs3SQ3QxCIxFX00q5DLkMCw==

object-assign@^4.1.1:
  version "4.1.1"
  resolved "https://registry.yarnpkg.com/object-assign/-/object-assign-4.1.1.tgz#2109adc7965887cfc05cbbd442cac8bfbb360863"
  integrity sha1-IQmtx5ZYh8/AXLvUQsrIv7s2CGM=

prop-types@^15.7.1:
  version "15.7.2"
  resolved "https://registry.yarnpkg.com/prop-types/-/prop-types-15.7.2.tgz#52c41e75b8c87e72b9d9360e0206b99dcbffa6c5"
  integrity sha512-8QQikdH7//R2vurIJSutZ1smHYTcLpRWEOlHnzcWHmBYrOGUysKwSsrC89BCiFj3CbrfJ/nXFdJepOVrY1GCHQ==
  dependencies:
    loose-envify "^1.4.0"
    object-assign "^4.1.1"
    react-is "^16.8.1"

react-is@^16.8.1:
  version "16.9.0"
  resolved "https://registry.yarnpkg.com/react-is/-/react-is-16.9.0.tgz#21ca9561399aad0ff1a7701c01683e8ca981edcb"
  integrity sha512-tJBzzzIgnnRfEm046qRcURvwQnZVXmuCbscxUO5RWrGTXpon2d4c8mI0D8WE6ydVIm29JiLB6+RslkIvym9Rjw==

sax@^1.2.4:
  version "1.2.4"
  resolved "https://registry.yarnpkg.com/sax/-/sax-1.2.4.tgz#2816234e2378bddc4e5354fab5caa895df7100d9"
  integrity sha512-NqVDv9TpANUjFm0N8uM5GxL36UgKi9/atZw+x7YFnQ8ckwFGKrl4xX4yWtrey3UJm5nP1kUbnYgLopqWNSRhWw==

shortid@^2.2.14:
  version "2.2.15"
  resolved "https://registry.yarnpkg.com/shortid/-/shortid-2.2.15.tgz#2b902eaa93a69b11120373cd42a1f1fe4437c122"
  integrity sha512-5EaCy2mx2Jgc/Fdn9uuDuNIIfWBpzY4XIlhoqtXF6qsf+/+SGZ+FxDdX/ZsMZiWupIWNqAEmiNY4RC+LSmCeOw==
  dependencies:
    nanoid "^2.1.0"

tabbable@^3.1.2:
  version "3.1.2"
  resolved "https://registry.yarnpkg.com/tabbable/-/tabbable-3.1.2.tgz#f2d16cccd01f400e38635c7181adfe0ad965a4a2"
  integrity sha512-wjB6puVXTYO0BSFtCmWQubA/KIn7Xvajw0x0l6eJUudMG/EAiJvIUnyNX6xO4NpGrJ16lbD0eUseB9WxW0vlpQ==

xml-js@^1.6.11:
  version "1.6.11"
  resolved "https://registry.yarnpkg.com/xml-js/-/xml-js-1.6.11.tgz#927d2f6947f7f1c19a316dd8eea3614e8b18f8e9"
  integrity sha512-7rVi2KMfwfWFl+GpPg6m80IVMWXLRjO+PxTq7V2CDhoGak0wzYzFgUY2m4XJ47OGdXd8eLE8EmwfAmdjw7lC1g==
  dependencies:
    sax "^1.2.4"

xslt@^0.9.1:
  version "0.9.1"
  resolved "https://registry.yarnpkg.com/xslt/-/xslt-0.9.1.tgz#e7f401af1b9eaa728b0bd63f49787dd6d0845178"
  integrity sha512-2eFkaiFRVkVzedBKYv3MUYmvvK9103NTNFGsyFhLim0Pad0q5yXp2j9tQM2lFW1gFr9fSXV70RRrdcRM7YdRcg==

xtend@^4.0.1:
  version "4.0.2"
  resolved "https://registry.yarnpkg.com/xtend/-/xtend-4.0.2.tgz#bb72779f5fa465186b1f438f674fa347fdb5db54"
  integrity sha512-LKYU1iAXJXUgAXn9URjiu+MWhyUXHsvfp7mcuYm9dSUKK0/CjtrUwFAxD82/mCWbtLsGjFIad0wIsod4zrTAEQ==
