{
  "name": "@kyma-project/dc-async-api-render-engine",
  "version": "0.2.0",
  "lockfileVersion": 1,
  "requires": true,
  "dependencies": {
    "@kyma-project/asyncapi-react": {
      "version": "0.3.0",
      "resolved": "https://registry.npmjs.org/@kyma-project/asyncapi-react/-/asyncapi-react-0.3.0.tgz",
      "integrity": "sha512-tBtp+W7sglZF53a5UugxLZXkmzBY8Q2fU5eswHwVCUXkAziP7wXd1QgIzp5cgtN5DTGl06sV2CrleChr8X+fhw==",
      "requires": {
        "asyncapi-parser": "0.11.1",
        "constate": "^1.2.0",
        "dompurify": "^1.0.11",
        "markdown-it": "^9.1.0",
        "merge": "^1.2.1",
        "openapi-sampler": "^1.0.0-beta.15"
      }
    },
    "ajv": {
      "version": "6.10.2",
      "resolved": "https://registry.npmjs.org/ajv/-/ajv-6.10.2.tgz",
      "integrity": "sha512-TXtUUEYHuaTEbLZWIKUr5pmBuhDLy+8KYtPYdcV8qC+pOZL+NKqYwvWSRrVXHn+ZmRRAu8vJTAznH7Oag6RVRw==",
      "requires": {
        "fast-deep-equal": "^2.0.1",
        "fast-json-stable-stringify": "^2.0.0",
        "json-schema-traverse": "^0.4.1",
        "uri-js": "^4.2.2"
      }
    },
    "argparse": {
      "version": "1.0.10",
      "resolved": "https://registry.npmjs.org/argparse/-/argparse-1.0.10.tgz",
      "integrity": "sha512-o5Roy6tNG4SL/FOkCAN6RzjiakZS25RLYFrcMttJqbdd8BWrnA+fGz57iN5Pb06pvBGvl5gQ0B48dJlslXvoTg==",
      "requires": {
        "sprintf-js": "~1.0.2"
      }
    },
    "asyncapi": {
      "version": "2.6.0",
      "resolved": "https://registry.npmjs.org/asyncapi/-/asyncapi-2.6.0.tgz",
      "integrity": "sha512-9fDzr4TegoClLbVoxNqdDOqYvhvyfLNz7xfHAGTUyY3+8PRcstu88oGbSttX0A8zP3UOi5r6WDVuKAHkuIa9dA=="
    },
    "asyncapi-parser": {
      "version": "0.11.1",
      "resolved": "https://registry.npmjs.org/asyncapi-parser/-/asyncapi-parser-0.11.1.tgz",
      "integrity": "sha512-sDtGlztPQhgpXXoeQy9uw64+qB+SkSrTjtRXWJt8Gppb5LffMewnEOrNgaxR1toa03NOdCkVVmRE7auKaNb4Fg==",
      "requires": {
        "ajv": "^6.10.1",
        "asyncapi": "^2.6.0",
        "js-yaml": "^3.13.1",
        "json-schema-ref-parser": "^7.1.0",
        "node-fetch": "^2.6.0",
        "openapi-schema-to-json-schema": "^2.2.0",
        "tiny-merge-patch": "^0.1.2"
      }
    },
    "call-me-maybe": {
      "version": "1.0.1",
      "resolved": "https://registry.npmjs.org/call-me-maybe/-/call-me-maybe-1.0.1.tgz",
      "integrity": "sha1-JtII6onje1y95gJQoV8DHBak1ms="
    },
    "constate": {
      "version": "1.2.0",
      "resolved": "https://registry.npmjs.org/constate/-/constate-1.2.0.tgz",
      "integrity": "sha512-cdcCg5MFSIU1sq091lpqi7RhY0KB6zYuSFtYOF9fLQRaudZVybRo7IahFxi7vvtfsuAysrTPAMmv5FDHLJ6K8Q=="
    },
    "deep-equal": {
      "version": "1.1.0",
      "resolved": "https://registry.npmjs.org/deep-equal/-/deep-equal-1.1.0.tgz",
      "integrity": "sha512-ZbfWJq/wN1Z273o7mUSjILYqehAktR2NVoSrOukDkU9kg2v/Uv89yU4Cvz8seJeAmtN5oqiefKq8FPuXOboqLw==",
      "requires": {
        "is-arguments": "^1.0.4",
        "is-date-object": "^1.0.1",
        "is-regex": "^1.0.4",
        "object-is": "^1.0.1",
        "object-keys": "^1.1.1",
        "regexp.prototype.flags": "^1.2.0"
      }
    },
    "define-properties": {
      "version": "1.1.3",
      "resolved": "https://registry.npmjs.org/define-properties/-/define-properties-1.1.3.tgz",
      "integrity": "sha512-3MqfYKj2lLzdMSf8ZIZE/V+Zuy+BgD6f164e8K2w7dgnpKArBDerGYpM46IYYcjnkdPNMjPk9A6VFB8+3SKlXQ==",
      "requires": {
        "object-keys": "^1.0.12"
      }
    },
    "dompurify": {
      "version": "1.0.11",
      "resolved": "https://registry.npmjs.org/dompurify/-/dompurify-1.0.11.tgz",
      "integrity": "sha512-XywCTXZtc/qCX3iprD1pIklRVk/uhl8BKpkTxr+ZyMVUzSUg7wkQXRBp/euJ5J5moa1QvfpvaPQVP71z1O59dQ=="
    },
    "entities": {
      "version": "1.1.2",
      "resolved": "https://registry.npmjs.org/entities/-/entities-1.1.2.tgz",
      "integrity": "sha512-f2LZMYl1Fzu7YSBKg+RoROelpOaNrcGmE9AZubeDfrCEia483oW4MI4VyFd5VNHIgQ/7qm1I0wUHK1eJnn2y2w=="
    },
    "esprima": {
      "version": "4.0.1",
      "resolved": "https://registry.npmjs.org/esprima/-/esprima-4.0.1.tgz",
      "integrity": "sha512-eGuFFw7Upda+g4p+QHvnW0RyTX/SVeJBDM/gCtMARO0cLuT2HcEKnTPvhjV6aGeqrCB/sbNop0Kszm0jsaWU4A=="
    },
    "fast-deep-equal": {
      "version": "2.0.1",
      "resolved": "https://registry.npmjs.org/fast-deep-equal/-/fast-deep-equal-2.0.1.tgz",
      "integrity": "sha1-ewUhjd+WZ79/Nwv3/bLLFf3Qqkk="
    },
    "fast-json-stable-stringify": {
      "version": "2.0.0",
      "resolved": "https://registry.npmjs.org/fast-json-stable-stringify/-/fast-json-stable-stringify-2.0.0.tgz",
      "integrity": "sha1-1RQsDK7msRifh9OnYREGT4bIu/I="
    },
    "foreach": {
      "version": "2.0.5",
      "resolved": "https://registry.npmjs.org/foreach/-/foreach-2.0.5.tgz",
      "integrity": "sha1-C+4AUBiusmDQo6865ljdATbsG5k="
    },
    "function-bind": {
      "version": "1.1.1",
      "resolved": "https://registry.npmjs.org/function-bind/-/function-bind-1.1.1.tgz",
      "integrity": "sha512-yIovAzMX49sF8Yl58fSCWJ5svSLuaibPxXQJFLmBObTuCr0Mf1KiPopGM9NiFjiYBCbfaa2Fh6breQ6ANVTI0A=="
    },
    "has": {
      "version": "1.0.3",
      "resolved": "https://registry.npmjs.org/has/-/has-1.0.3.tgz",
      "integrity": "sha512-f2dvO0VU6Oej7RkWJGrehjbzMAjFp5/VKPp5tTpWIV4JHHZK1/BxbFRtf/siA2SWTe09caDmVtYYzWEIbBS4zw==",
      "requires": {
        "function-bind": "^1.1.1"
      }
    },
    "is-arguments": {
      "version": "1.0.4",
      "resolved": "https://registry.npmjs.org/is-arguments/-/is-arguments-1.0.4.tgz",
      "integrity": "sha512-xPh0Rmt8NE65sNzvyUmWgI1tz3mKq74lGA0mL8LYZcoIzKOzDh6HmrYm3d18k60nHerC8A9Km8kYu87zfSFnLA=="
    },
    "is-date-object": {
      "version": "1.0.1",
      "resolved": "https://registry.npmjs.org/is-date-object/-/is-date-object-1.0.1.tgz",
      "integrity": "sha1-mqIOtq7rv/d/vTPnTKAbM1gdOhY="
    },
    "is-regex": {
      "version": "1.0.4",
      "resolved": "https://registry.npmjs.org/is-regex/-/is-regex-1.0.4.tgz",
      "integrity": "sha1-VRdIm1RwkbCTDglWVM7SXul+lJE=",
      "requires": {
        "has": "^1.0.1"
      }
    },
    "js-yaml": {
      "version": "3.13.1",
      "resolved": "https://registry.npmjs.org/js-yaml/-/js-yaml-3.13.1.tgz",
      "integrity": "sha512-YfbcO7jXDdyj0DGxYVSlSeQNHbD7XPWvrVWeVUujrQEoZzWJIRrCPoyk6kL6IAjAG2IolMK4T0hNUe0HOUs5Jw==",
      "requires": {
        "argparse": "^1.0.7",
        "esprima": "^4.0.0"
      }
    },
    "json-pointer": {
      "version": "0.6.0",
      "resolved": "https://registry.npmjs.org/json-pointer/-/json-pointer-0.6.0.tgz",
      "integrity": "sha1-jlAFUKaqxUZKRzN32leqbMIoKNc=",
      "requires": {
        "foreach": "^2.0.4"
      }
    },
    "json-schema-ref-parser": {
      "version": "7.1.1",
      "resolved": "https://registry.npmjs.org/json-schema-ref-parser/-/json-schema-ref-parser-7.1.1.tgz",
      "integrity": "sha512-5DGfOTuTAMFzjNw56kwEQ9YqjCvRPHRbEmPkPSNPuK4DR4TmLQrZ1k0UdO8EJ9DKjOPqtyBjtlSnvzAC6kwUsg==",
      "requires": {
        "call-me-maybe": "^1.0.1",
        "js-yaml": "^3.13.1",
        "ono": "^5.0.1"
      }
    },
    "json-schema-traverse": {
      "version": "0.4.1",
      "resolved": "https://registry.npmjs.org/json-schema-traverse/-/json-schema-traverse-0.4.1.tgz",
      "integrity": "sha512-xbbCH5dCYU5T8LcEhhuh7HJ88HXuW3qsI3Y0zOZFKfZEHcpWiHU/Jxzk629Brsab/mMiHQti9wMP+845RPe3Vg=="
    },
    "linkify-it": {
      "version": "2.2.0",
      "resolved": "https://registry.npmjs.org/linkify-it/-/linkify-it-2.2.0.tgz",
      "integrity": "sha512-GnAl/knGn+i1U/wjBz3akz2stz+HrHLsxMwHQGofCDfPvlf+gDKN58UtfmUquTY4/MXeE2x7k19KQmeoZi94Iw==",
      "requires": {
        "uc.micro": "^1.0.1"
      }
    },
    "markdown-it": {
      "version": "9.1.0",
      "resolved": "https://registry.npmjs.org/markdown-it/-/markdown-it-9.1.0.tgz",
      "integrity": "sha512-xHKG4C8iPriyfu/jc2hsCC045fKrMQ0VexX2F1FGYiRxDxqMB2aAhF8WauJ3fltn2kb90moGBkiiEdooGIg55w==",
      "requires": {
        "argparse": "^1.0.7",
        "entities": "~1.1.1",
        "linkify-it": "^2.0.0",
        "mdurl": "^1.0.1",
        "uc.micro": "^1.0.5"
      }
    },
    "mdurl": {
      "version": "1.0.1",
      "resolved": "https://registry.npmjs.org/mdurl/-/mdurl-1.0.1.tgz",
      "integrity": "sha1-/oWy7HWlkDfyrf7BAP1sYBdhFS4="
    },
    "merge": {
      "version": "1.2.1",
      "resolved": "https://registry.npmjs.org/merge/-/merge-1.2.1.tgz",
      "integrity": "sha512-VjFo4P5Whtj4vsLzsYBu5ayHhoHJ0UqNm7ibvShmbmoz7tGi0vXaoJbGdB+GmDMLUdg8DpQXEIeVDAe8MaABvQ=="
    },
    "node-fetch": {
      "version": "2.6.0",
      "resolved": "https://registry.npmjs.org/node-fetch/-/node-fetch-2.6.0.tgz",
      "integrity": "sha512-8dG4H5ujfvFiqDmVu9fQ5bOHUC15JMjMY/Zumv26oOvvVJjM67KF8koCWIabKQ1GJIa9r2mMZscBq/TbdOcmNA=="
    },
    "object-is": {
      "version": "1.0.1",
      "resolved": "https://registry.npmjs.org/object-is/-/object-is-1.0.1.tgz",
      "integrity": "sha1-CqYOyZiaCz7Xlc9NBvYs8a1lObY="
    },
    "object-keys": {
      "version": "1.1.1",
      "resolved": "https://registry.npmjs.org/object-keys/-/object-keys-1.1.1.tgz",
      "integrity": "sha512-NuAESUOUMrlIXOfHKzD6bpPu3tYt3xvjNdRIQ+FeT0lNb4K8WR70CaDxhuNguS2XG+GjkyMwOzsN5ZktImfhLA=="
    },
    "ono": {
      "version": "5.1.0",
      "resolved": "https://registry.npmjs.org/ono/-/ono-5.1.0.tgz",
      "integrity": "sha512-GgqRIUWErLX4l9Up0khRtbrlH8Fyj59A0nKv8V6pWEto38aUgnOGOOF7UmgFFLzFnDSc8REzaTXOc0hqEe7yIw=="
    },
    "openapi-sampler": {
      "version": "1.0.0-beta.15",
      "resolved": "https://registry.npmjs.org/openapi-sampler/-/openapi-sampler-1.0.0-beta.15.tgz",
      "integrity": "sha512-wUD/vD3iBHKik/sME3uwUu4X3HFA53rDrPcVvLzgEELjHLbnTpSYfm4Jo9qZT1dPfBRowAnrF/VRQfOjL5QRAw==",
      "requires": {
        "json-pointer": "^0.6.0"
      }
    },
    "openapi-schema-to-json-schema": {
      "version": "2.2.0",
      "resolved": "https://registry.npmjs.org/openapi-schema-to-json-schema/-/openapi-schema-to-json-schema-2.2.0.tgz",
      "integrity": "sha512-a8ouPAEl7U4MCpQBje+9cDIDSL6xCtWBPat/2i2Py42D5q9EPuB0IkXh4mNRc/cECjHjsgsEn2+GTeMvgE58+w==",
      "requires": {
        "deep-equal": "^1.0.1"
      }
    },
    "punycode": {
      "version": "2.1.1",
      "resolved": "https://registry.npmjs.org/punycode/-/punycode-2.1.1.tgz",
      "integrity": "sha512-XRsRjdf+j5ml+y/6GKHPZbrF/8p2Yga0JPtdqTIY2Xe5ohJPD9saDJJLPvp9+NSBprVvevdXZybnj2cv8OEd0A=="
    },
    "regexp.prototype.flags": {
      "version": "1.2.0",
      "resolved": "https://registry.npmjs.org/regexp.prototype.flags/-/regexp.prototype.flags-1.2.0.tgz",
      "integrity": "sha512-ztaw4M1VqgMwl9HlPpOuiYgItcHlunW0He2fE6eNfT6E/CF2FtYi9ofOYe4mKntstYk0Fyh/rDRBdS3AnxjlrA==",
      "requires": {
        "define-properties": "^1.1.2"
      }
    },
    "sprintf-js": {
      "version": "1.0.3",
      "resolved": "https://registry.npmjs.org/sprintf-js/-/sprintf-js-1.0.3.tgz",
      "integrity": "sha1-BOaSb2YolTVPPdAVIDYzuFcpfiw="
    },
    "tiny-merge-patch": {
      "version": "0.1.2",
      "resolved": "https://registry.npmjs.org/tiny-merge-patch/-/tiny-merge-patch-0.1.2.tgz",
      "integrity": "sha1-Lo3tGcVuoV29OtTtXbHI5a1UTDw="
    },
    "uc.micro": {
      "version": "1.0.6",
      "resolved": "https://registry.npmjs.org/uc.micro/-/uc.micro-1.0.6.tgz",
      "integrity": "sha512-8Y75pvTYkLJW2hWQHXxoqRgV7qb9B+9vFEtidML+7koHUFapnVJAZ6cKs+Qjz5Aw3aZWHMC6u0wJE3At+nSGwA=="
    },
    "uri-js": {
      "version": "4.2.2",
      "resolved": "https://registry.npmjs.org/uri-js/-/uri-js-4.2.2.tgz",
      "integrity": "sha512-KY9Frmirql91X2Qgjry0Wd4Y+YTdrdZheS8TFwvkbLWf/G5KNJDCh6pKL5OZctEW4+0Baa5idK2ZQuELRwPznQ==",
      "requires": {
        "punycode": "^2.1.0"
      }
    }
  }
}
