{
  "name": "@kyma-project/dc-async-api-render-engine",
  "version": "0.3.3",
  "lockfileVersion": 1,
  "requires": true,
  "dependencies": {
    "@apidevtools/json-schema-ref-parser": {
      "version": "9.0.6",
      "resolved": "https://registry.npmjs.org/@apidevtools/json-schema-ref-parser/-/json-schema-ref-parser-9.0.6.tgz",
      "integrity": "sha512-M3YgsLjI0lZxvrpeGVk9Ap032W6TPQkH6pRAZz81Ac3WUNF79VQooAFnp8umjvVzUmD93NkogxEwbSce7qMsUg==",
      "requires": {
        "@jsdevtools/ono": "^7.1.3",
        "call-me-maybe": "^1.0.1",
        "js-yaml": "^3.13.1"
      }
    },
    "@asyncapi/avro-schema-parser": {
      "version": "0.2.0",
      "resolved": "https://registry.npmjs.org/@asyncapi/avro-schema-parser/-/avro-schema-parser-0.2.0.tgz",
      "integrity": "sha512-/oPDPudF82RGFXz5uhF77PSDZkAR+yHpdxUEbJ5jwk/X3RB74VRk8dqSgTqhUO+pLh+/Hut3x3VFacA8C9L2QA=="
    },
    "@asyncapi/openapi-schema-parser": {
      "version": "2.0.0",
      "resolved": "https://registry.npmjs.org/@asyncapi/openapi-schema-parser/-/openapi-schema-parser-2.0.0.tgz",
      "integrity": "sha512-XfDp3EIs6ptar3jARQZzi3ObmS44l6Qozc5GJmZJUQ6mHLTTqUGJ0nxcrXAW88vosjilgJVaQ63oGolA6smSHQ==",
      "requires": {
        "@openapi-contrib/openapi-schema-to-json-schema": "^3.0.0"
      }
    },
    "@asyncapi/parser": {
      "version": "1.3.0",
      "resolved": "https://registry.npmjs.org/@asyncapi/parser/-/parser-1.3.0.tgz",
      "integrity": "sha512-GwBRv/P/fwtkfKCU3FgDTpucdGuP73Zak2jsi2kOLvtwoBOgzyi45wHlxEJd2EikzaibIoWhO21P0rN9WVpFsw==",
      "requires": {
        "@apidevtools/json-schema-ref-parser": "^9.0.6",
        "@asyncapi/specs": "^2.7.5",
        "@fmvilas/pseudo-yaml-ast": "^0.3.1",
        "ajv": "^6.10.1",
        "js-yaml": "^3.13.1",
        "json-to-ast": "^2.1.0",
        "node-fetch": "^2.6.0",
        "tiny-merge-patch": "^0.1.2"
      }
    },
    "@asyncapi/react-component": {
      "version": "0.17.9",
      "resolved": "https://registry.npmjs.org/@asyncapi/react-component/-/react-component-0.17.9.tgz",
      "integrity": "sha512-CmFPolFYqDThf/HBWeQL6ciIcNHCsaX3NEHL9zyx2+3ZprEZ80nW28UvUN08tahhioPgTVXkAaor3qIEjERCxA==",
      "requires": {
        "@asyncapi/avro-schema-parser": "^0.2.0",
        "@asyncapi/openapi-schema-parser": "^2.0.0",
        "@asyncapi/parser": "^1.2.0",
        "constate": "^1.2.0",
        "dompurify": "^2.1.1",
        "markdown-it": "^11.0.1",
        "merge": "^1.2.1",
        "openapi-sampler": "^1.0.0-beta.15",
        "react-use": "^12.2.0"
      },
      "dependencies": {
        "dompurify": {
          "version": "2.2.6",
          "resolved": "https://registry.npmjs.org/dompurify/-/dompurify-2.2.6.tgz",
          "integrity": "sha512-7b7ZArhhH0SP6W2R9cqK6RjaU82FZ2UPM7RO8qN1b1wyvC/NY1FNWcX1Pu00fFOAnzEORtwXe4bPaClg6pUybQ=="
        },
        "entities": {
          "version": "2.0.3",
          "resolved": "https://registry.npmjs.org/entities/-/entities-2.0.3.tgz",
          "integrity": "sha512-MyoZ0jgnLvB2X3Lg5HqpFmn1kybDiIfEQmKzTb5apr51Rb+T3KdmMiqa70T+bhGnyv7bQ6WMj2QMHpGMmlrUYQ=="
        },
        "linkify-it": {
          "version": "3.0.2",
          "resolved": "https://registry.npmjs.org/linkify-it/-/linkify-it-3.0.2.tgz",
          "integrity": "sha512-gDBO4aHNZS6coiZCKVhSNh43F9ioIL4JwRjLZPkoLIY4yZFwg264Y5lu2x6rb1Js42Gh6Yqm2f6L2AJcnkzinQ==",
          "requires": {
            "uc.micro": "^1.0.1"
          }
        },
        "markdown-it": {
          "version": "11.0.1",
          "resolved": "https://registry.npmjs.org/markdown-it/-/markdown-it-11.0.1.tgz",
          "integrity": "sha512-aU1TzmBKcWNNYvH9pjq6u92BML+Hz3h5S/QpfTFwiQF852pLT+9qHsrhM9JYipkOXZxGn+sGH8oyJE9FD9WezQ==",
          "requires": {
            "argparse": "^1.0.7",
            "entities": "~2.0.0",
            "linkify-it": "^3.0.1",
            "mdurl": "^1.0.1",
            "uc.micro": "^1.0.5"
          }
        }
      }
    },
    "@asyncapi/specs": {
      "version": "2.7.5",
      "resolved": "https://registry.npmjs.org/@asyncapi/specs/-/specs-2.7.5.tgz",
      "integrity": "sha512-T1Ham9sqZKCtSowXRPaBCRy2oz3KHglqqrKiaO7lEudpP6lwH5SwXaq4qliyKzWaqd22srJHE4szdsorbFZKlw=="
    },
    "@babel/runtime": {
      "version": "7.8.7",
      "resolved": "https://registry.npmjs.org/@babel/runtime/-/runtime-7.8.7.tgz",
      "integrity": "sha512-+AATMUFppJDw6aiR5NVPHqIQBlV/Pj8wY/EZH+lmvRdUo9xBaz/rF3alAwFJQavvKfeOlPE7oaaDHVbcySbCsg==",
      "requires": {
        "regenerator-runtime": "^0.13.4"
      }
    },
    "@fmvilas/pseudo-yaml-ast": {
      "version": "0.3.1",
      "resolved": "https://registry.npmjs.org/@fmvilas/pseudo-yaml-ast/-/pseudo-yaml-ast-0.3.1.tgz",
      "integrity": "sha512-8OAB74W2a9M3k9bjYD8AjVXkX+qO8c0SqNT5HlgOqx7AxSw8xdksEcZp7gFtfi+4njSxT6+76ZR+1ubjAwQHOg==",
      "requires": {
        "yaml-ast-parser": "0.0.43"
      }
    },
    "@jsdevtools/ono": {
      "version": "7.1.3",
      "resolved": "https://registry.npmjs.org/@jsdevtools/ono/-/ono-7.1.3.tgz",
      "integrity": "sha512-4JQNk+3mVzK3xh2rqd6RB4J46qUR19azEHBneZyTZM+c456qOrbbM/5xcR8huNCCcbVt7+UmizG6GuUvPvKUYg=="
    },
    "@openapi-contrib/openapi-schema-to-json-schema": {
      "version": "3.0.4",
      "resolved": "https://registry.npmjs.org/@openapi-contrib/openapi-schema-to-json-schema/-/openapi-schema-to-json-schema-3.0.4.tgz",
      "integrity": "sha512-+1RBoJ+xjX8mIXxisTJVlN/r6DOh4kyszw3cLBSAxwKP7Ui42DjlxWgR2PnWxOOWtRCnQurRzlsvL1ce5FUrWg==",
      "requires": {
        "fast-deep-equal": "^3.1.3"
      },
      "dependencies": {
        "fast-deep-equal": {
          "version": "3.1.3",
          "resolved": "https://registry.npmjs.org/fast-deep-equal/-/fast-deep-equal-3.1.3.tgz",
          "integrity": "sha512-f3qQ9oQy9j2AhBe/H9VC91wLmKBCCU/gDOnKNAYG5hswO7BLKj09Hc5HYNz9cGI++xlpDCIgDaitVs03ATR84Q=="
        }
      }
    },
    "@types/prop-types": {
      "version": "15.7.3",
      "resolved": "https://registry.npmjs.org/@types/prop-types/-/prop-types-15.7.3.tgz",
      "integrity": "sha512-KfRL3PuHmqQLOG+2tGpRO26Ctg+Cq1E01D2DMriKEATHgWLfeNDmq9e29Q9WIky0dQ3NPkd1mzYH8Lm936Z9qw=="
    },
    "@types/react": {
      "version": "16.9.23",
      "resolved": "https://registry.npmjs.org/@types/react/-/react-16.9.23.tgz",
      "integrity": "sha512-SsGVT4E7L2wLN3tPYLiF20hmZTPGuzaayVunfgXzUn1x4uHVsKH6QDJQ/TdpHqwsTLd4CwrmQ2vOgxN7gE24gw==",
      "requires": {
        "@types/prop-types": "*",
        "csstype": "^2.2.0"
      }
    },
    "@types/react-wait": {
      "version": "0.3.1",
      "resolved": "https://registry.npmjs.org/@types/react-wait/-/react-wait-0.3.1.tgz",
      "integrity": "sha512-BS9AEjWZItDgpx6LlICcuf53M27zBFCsHx/llCbrmrt/WI7ecG2LGquCss3n8O8bwEDiTX4yYLjy8yLeIfgYTg==",
      "requires": {
        "@types/react": "*"
      }
    },
    "ajv": {
      "version": "6.12.0",
      "resolved": "https://registry.npmjs.org/ajv/-/ajv-6.12.0.tgz",
      "integrity": "sha512-D6gFiFA0RRLyUbvijN74DWAjXSFxWKaWP7mldxkVhyhAV3+SWA9HEJPHQ2c9soIeTFJqcSdFDGFgdqs1iUU2Hw==",
      "requires": {
        "fast-deep-equal": "^3.1.1",
        "fast-json-stable-stringify": "^2.0.0",
        "json-schema-traverse": "^0.4.1",
        "uri-js": "^4.2.2"
      }
    },
    "argparse": {
      "version": "1.0.10",
      "resolved": "https://registry.npmjs.org/argparse/-/argparse-1.0.10.tgz",
      "integrity": "sha512-o5Roy6tNG4SL/FOkCAN6RzjiakZS25RLYFrcMttJqbdd8BWrnA+fGz57iN5Pb06pvBGvl5gQ0B48dJlslXvoTg==",
      "requires": {
        "sprintf-js": "~1.0.2"
      }
    },
    "bowser": {
      "version": "1.9.4",
      "resolved": "https://registry.npmjs.org/bowser/-/bowser-1.9.4.tgz",
      "integrity": "sha512-9IdMmj2KjigRq6oWhmwv1W36pDuA4STQZ8q6YO9um+x07xgYNCD3Oou+WP/3L1HNz7iqythGet3/p4wvc8AAwQ=="
    },
    "call-me-maybe": {
      "version": "1.0.1",
      "resolved": "https://registry.npmjs.org/call-me-maybe/-/call-me-maybe-1.0.1.tgz",
      "integrity": "sha1-JtII6onje1y95gJQoV8DHBak1ms="
    },
    "code-error-fragment": {
      "version": "0.0.230",
      "resolved": "https://registry.npmjs.org/code-error-fragment/-/code-error-fragment-0.0.230.tgz",
      "integrity": "sha512-cadkfKp6932H8UkhzE/gcUqhRMNf8jHzkAN7+5Myabswaghu4xABTgPHDCjW+dBAJxj/SpkTYokpzDqY4pCzQw=="
    },
    "constate": {
      "version": "1.3.2",
      "resolved": "https://registry.npmjs.org/constate/-/constate-1.3.2.tgz",
      "integrity": "sha512-aaILV4vXwGTUZaQZHS5F1xBV8wRCR0Ow1505fdkS5/BPg6hbQrhNqdHL4wgxWgaDeEj43mu/Fb+LhqOKTMcrgQ=="
    },
    "copy-to-clipboard": {
      "version": "3.3.1",
      "resolved": "https://registry.npmjs.org/copy-to-clipboard/-/copy-to-clipboard-3.3.1.tgz",
      "integrity": "sha512-i13qo6kIHTTpCm8/Wup+0b1mVWETvu2kIMzKoK8FpkLkFxlt0znUAHcMzox+T8sPlqtZXq3CulEjQHsYiGFJUw==",
      "requires": {
        "toggle-selection": "^1.0.6"
      }
    },
    "css-in-js-utils": {
      "version": "2.0.1",
      "resolved": "https://registry.npmjs.org/css-in-js-utils/-/css-in-js-utils-2.0.1.tgz",
      "integrity": "sha512-PJF0SpJT+WdbVVt0AOYp9C8GnuruRlL/UFW7932nLWmFLQTaWEzTBQEx7/hn4BuV+WON75iAViSUJLiU3PKbpA==",
      "requires": {
        "hyphenate-style-name": "^1.0.2",
        "isobject": "^3.0.1"
      }
    },
    "css-tree": {
      "version": "1.0.0-alpha.39",
      "resolved": "https://registry.npmjs.org/css-tree/-/css-tree-1.0.0-alpha.39.tgz",
      "integrity": "sha512-7UvkEYgBAHRG9Nt980lYxjsTrCyHFN53ky3wVsDkiMdVqylqRt+Zc+jm5qw7/qyOvN2dHSYtX0e4MbCCExSvnA==",
      "requires": {
        "mdn-data": "2.0.6",
        "source-map": "^0.6.1"
      }
    },
    "csstype": {
      "version": "2.6.9",
      "resolved": "https://registry.npmjs.org/csstype/-/csstype-2.6.9.tgz",
      "integrity": "sha512-xz39Sb4+OaTsULgUERcCk+TJj8ylkL4aSVDQiX/ksxbELSqwkgt4d4RD7fovIdgJGSuNYqwZEiVjYY5l0ask+Q=="
    },
    "error-stack-parser": {
      "version": "2.0.6",
      "resolved": "https://registry.npmjs.org/error-stack-parser/-/error-stack-parser-2.0.6.tgz",
      "integrity": "sha512-d51brTeqC+BHlwF0BhPtcYgF5nlzf9ZZ0ZIUQNZpc9ZB9qw5IJ2diTrBY9jlCJkTLITYPjmiX6OWCwH+fuyNgQ==",
      "requires": {
        "stackframe": "^1.1.1"
      }
    },
    "esprima": {
      "version": "4.0.1",
      "resolved": "https://registry.npmjs.org/esprima/-/esprima-4.0.1.tgz",
      "integrity": "sha512-eGuFFw7Upda+g4p+QHvnW0RyTX/SVeJBDM/gCtMARO0cLuT2HcEKnTPvhjV6aGeqrCB/sbNop0Kszm0jsaWU4A=="
    },
    "fast-deep-equal": {
      "version": "3.1.1",
      "resolved": "https://registry.npmjs.org/fast-deep-equal/-/fast-deep-equal-3.1.1.tgz",
      "integrity": "sha512-8UEa58QDLauDNfpbrX55Q9jrGHThw2ZMdOky5Gl1CDtVeJDPVrG4Jxx1N8jw2gkWaff5UUuX1KJd+9zGe2B+ZA=="
    },
    "fast-json-stable-stringify": {
      "version": "2.1.0",
      "resolved": "https://registry.npmjs.org/fast-json-stable-stringify/-/fast-json-stable-stringify-2.1.0.tgz",
      "integrity": "sha512-lhd/wF+Lk98HZoTCtlVraHtfh5XYijIjalXck7saUtuanSDyLMxnHhSXEDJqHxD7msR8D0uCmqlkwjCV8xvwHw=="
    },
    "fastest-stable-stringify": {
      "version": "1.0.1",
      "resolved": "https://registry.npmjs.org/fastest-stable-stringify/-/fastest-stable-stringify-1.0.1.tgz",
      "integrity": "sha1-kSLUBtTJ2YvqZEpraFPVh0uHsCg="
    },
    "foreach": {
      "version": "2.0.5",
      "resolved": "https://registry.npmjs.org/foreach/-/foreach-2.0.5.tgz",
      "integrity": "sha1-C+4AUBiusmDQo6865ljdATbsG5k="
    },
    "grapheme-splitter": {
      "version": "1.0.4",
      "resolved": "https://registry.npmjs.org/grapheme-splitter/-/grapheme-splitter-1.0.4.tgz",
      "integrity": "sha512-bzh50DW9kTPM00T8y4o8vQg89Di9oLJVLW/KaOGIXJWP/iqCN6WKYkbNOF04vFLJhwcpYUh9ydh/+5vpOqV4YQ=="
    },
    "hyphenate-style-name": {
      "version": "1.0.3",
      "resolved": "https://registry.npmjs.org/hyphenate-style-name/-/hyphenate-style-name-1.0.3.tgz",
      "integrity": "sha512-EcuixamT82oplpoJ2XU4pDtKGWQ7b00CD9f1ug9IaQ3p1bkHMiKCZ9ut9QDI6qsa6cpUuB+A/I+zLtdNK4n2DQ=="
    },
    "inline-style-prefixer": {
      "version": "4.0.2",
      "resolved": "https://registry.npmjs.org/inline-style-prefixer/-/inline-style-prefixer-4.0.2.tgz",
      "integrity": "sha512-N8nVhwfYga9MiV9jWlwfdj1UDIaZlBFu4cJSJkIr7tZX7sHpHhGR5su1qdpW+7KPL8ISTvCIkcaFi/JdBknvPg==",
      "requires": {
        "bowser": "^1.7.3",
        "css-in-js-utils": "^2.0.0"
      }
    },
    "isobject": {
      "version": "3.0.1",
      "resolved": "https://registry.npmjs.org/isobject/-/isobject-3.0.1.tgz",
      "integrity": "sha1-TkMekrEalzFjaqH5yNHMvP2reN8="
    },
    "js-yaml": {
      "version": "3.13.1",
      "resolved": "https://registry.npmjs.org/js-yaml/-/js-yaml-3.13.1.tgz",
      "integrity": "sha512-YfbcO7jXDdyj0DGxYVSlSeQNHbD7XPWvrVWeVUujrQEoZzWJIRrCPoyk6kL6IAjAG2IolMK4T0hNUe0HOUs5Jw==",
      "requires": {
        "argparse": "^1.0.7",
        "esprima": "^4.0.0"
      }
    },
    "json-pointer": {
      "version": "0.6.0",
      "resolved": "https://registry.npmjs.org/json-pointer/-/json-pointer-0.6.0.tgz",
      "integrity": "sha1-jlAFUKaqxUZKRzN32leqbMIoKNc=",
      "requires": {
        "foreach": "^2.0.4"
      }
    },
    "json-schema-traverse": {
      "version": "0.4.1",
      "resolved": "https://registry.npmjs.org/json-schema-traverse/-/json-schema-traverse-0.4.1.tgz",
      "integrity": "sha512-xbbCH5dCYU5T8LcEhhuh7HJ88HXuW3qsI3Y0zOZFKfZEHcpWiHU/Jxzk629Brsab/mMiHQti9wMP+845RPe3Vg=="
    },
    "json-to-ast": {
      "version": "2.1.0",
      "resolved": "https://registry.npmjs.org/json-to-ast/-/json-to-ast-2.1.0.tgz",
      "integrity": "sha512-W9Lq347r8tA1DfMvAGn9QNcgYm4Wm7Yc+k8e6vezpMnRT+NHbtlxgNBXRVjXe9YM6eTn6+p/MKOlV/aABJcSnQ==",
      "requires": {
        "code-error-fragment": "0.0.230",
        "grapheme-splitter": "^1.0.4"
      }
    },
    "mdn-data": {
      "version": "2.0.6",
      "resolved": "https://registry.npmjs.org/mdn-data/-/mdn-data-2.0.6.tgz",
      "integrity": "sha512-rQvjv71olwNHgiTbfPZFkJtjNMciWgswYeciZhtvWLO8bmX3TnhyA62I6sTWOyZssWHJJjY6/KiWwqQsWWsqOA=="
    },
    "mdurl": {
      "version": "1.0.1",
      "resolved": "https://registry.npmjs.org/mdurl/-/mdurl-1.0.1.tgz",
      "integrity": "sha1-/oWy7HWlkDfyrf7BAP1sYBdhFS4="
    },
    "merge": {
      "version": "1.2.1",
      "resolved": "https://registry.npmjs.org/merge/-/merge-1.2.1.tgz",
      "integrity": "sha512-VjFo4P5Whtj4vsLzsYBu5ayHhoHJ0UqNm7ibvShmbmoz7tGi0vXaoJbGdB+GmDMLUdg8DpQXEIeVDAe8MaABvQ=="
    },
    "nano-css": {
      "version": "5.3.0",
      "resolved": "https://registry.npmjs.org/nano-css/-/nano-css-5.3.0.tgz",
      "integrity": "sha512-uM/9NGK9/E9/sTpbIZ/bQ9xOLOIHZwrrb/CRlbDHBU/GFS7Gshl24v/WJhwsVViWkpOXUmiZ66XO7fSB4Wd92Q==",
      "requires": {
        "css-tree": "^1.0.0-alpha.28",
        "csstype": "^2.5.5",
        "fastest-stable-stringify": "^1.0.1",
        "inline-style-prefixer": "^4.0.0",
        "rtl-css-js": "^1.9.0",
        "sourcemap-codec": "^1.4.1",
        "stacktrace-js": "^2.0.0",
        "stylis": "3.5.0"
      }
    },
    "node-fetch": {
      "version": "2.6.0",
      "resolved": "https://registry.npmjs.org/node-fetch/-/node-fetch-2.6.0.tgz",
      "integrity": "sha512-8dG4H5ujfvFiqDmVu9fQ5bOHUC15JMjMY/Zumv26oOvvVJjM67KF8koCWIabKQ1GJIa9r2mMZscBq/TbdOcmNA=="
    },
    "openapi-sampler": {
      "version": "1.0.0-beta.15",
      "resolved": "https://registry.npmjs.org/openapi-sampler/-/openapi-sampler-1.0.0-beta.15.tgz",
      "integrity": "sha512-wUD/vD3iBHKik/sME3uwUu4X3HFA53rDrPcVvLzgEELjHLbnTpSYfm4Jo9qZT1dPfBRowAnrF/VRQfOjL5QRAw==",
      "requires": {
        "json-pointer": "^0.6.0"
      }
    },
    "punycode": {
      "version": "2.1.1",
      "resolved": "https://registry.npmjs.org/punycode/-/punycode-2.1.1.tgz",
      "integrity": "sha512-XRsRjdf+j5ml+y/6GKHPZbrF/8p2Yga0JPtdqTIY2Xe5ohJPD9saDJJLPvp9+NSBprVvevdXZybnj2cv8OEd0A=="
    },
    "react-fast-compare": {
      "version": "2.0.4",
      "resolved": "https://registry.npmjs.org/react-fast-compare/-/react-fast-compare-2.0.4.tgz",
      "integrity": "sha512-suNP+J1VU1MWFKcyt7RtjiSWUjvidmQSlqu+eHslq+342xCbGTYmC0mEhPCOHxlW0CywylOC1u2DFAT+bv4dBw=="
    },
    "react-use": {
      "version": "12.13.0",
      "resolved": "https://registry.npmjs.org/react-use/-/react-use-12.13.0.tgz",
      "integrity": "sha512-Kh0m9ezIn9xfRycx4jdAgvsYGstGfjTBO2ecIM3+G0RqrpMxTIL5jjYraHYfUzjGBHf7dUhNYBzm5vw5LItVZA==",
      "requires": {
        "@types/react-wait": "^0.3.0",
        "copy-to-clipboard": "^3.1.0",
        "nano-css": "^5.1.0",
        "react-fast-compare": "^2.0.4",
        "react-wait": "^0.3.0",
        "resize-observer-polyfill": "^1.5.1",
        "screenfull": "^5.0.0",
        "set-harmonic-interval": "^1.0.1",
        "throttle-debounce": "^2.0.1",
        "ts-easing": "^0.2.0",
        "tslib": "^1.10.0"
      }
    },
    "react-wait": {
      "version": "0.3.0",
      "resolved": "https://registry.npmjs.org/react-wait/-/react-wait-0.3.0.tgz",
      "integrity": "sha512-kB5x/kMKWcn0uVr9gBdNz21/oGbQwEQnF3P9p6E9yLfJ9DRcKS0fagbgYMFI0YFOoyKDj+2q6Rwax0kTYJF37g=="
    },
    "regenerator-runtime": {
      "version": "0.13.4",
      "resolved": "https://registry.npmjs.org/regenerator-runtime/-/regenerator-runtime-0.13.4.tgz",
      "integrity": "sha512-plpwicqEzfEyTQohIKktWigcLzmNStMGwbOUbykx51/29Z3JOGYldaaNGK7ngNXV+UcoqvIMmloZ48Sr74sd+g=="
    },
    "resize-observer-polyfill": {
      "version": "1.5.1",
      "resolved": "https://registry.npmjs.org/resize-observer-polyfill/-/resize-observer-polyfill-1.5.1.tgz",
      "integrity": "sha512-LwZrotdHOo12nQuZlHEmtuXdqGoOD0OhaxopaNFxWzInpEgaLWoVuAMbTzixuosCx2nEG58ngzW3vxdWoxIgdg=="
    },
    "rtl-css-js": {
      "version": "1.14.0",
      "resolved": "https://registry.npmjs.org/rtl-css-js/-/rtl-css-js-1.14.0.tgz",
      "integrity": "sha512-Dl5xDTeN3e7scU1cWX8c9b6/Nqz3u/HgR4gePc1kWXYiQWVQbKCEyK6+Hxve9LbcJ5EieHy1J9nJCN3grTtGwg==",
      "requires": {
        "@babel/runtime": "^7.1.2"
      }
    },
    "screenfull": {
      "version": "5.0.2",
      "resolved": "https://registry.npmjs.org/screenfull/-/screenfull-5.0.2.tgz",
      "integrity": "sha512-cCF2b+L/mnEiORLN5xSAz6H3t18i2oHh9BA8+CQlAh5DRw2+NFAGQJOSYbcGw8B2k04g/lVvFcfZ83b3ysH5UQ=="
    },
    "set-harmonic-interval": {
      "version": "1.0.1",
      "resolved": "https://registry.npmjs.org/set-harmonic-interval/-/set-harmonic-interval-1.0.1.tgz",
      "integrity": "sha512-AhICkFV84tBP1aWqPwLZqFvAwqEoVA9kxNMniGEUvzOlm4vLmOFLiTT3UZ6bziJTy4bOVpzWGTfSCbmaayGx8g=="
    },
    "source-map": {
      "version": "0.6.1",
      "resolved": "https://registry.npmjs.org/source-map/-/source-map-0.6.1.tgz",
      "integrity": "sha512-UjgapumWlbMhkBgzT7Ykc5YXUT46F0iKu8SGXq0bcwP5dz/h0Plj6enJqjz1Zbq2l5WaqYnrVbwWOWMyF3F47g=="
    },
    "sourcemap-codec": {
      "version": "1.4.8",
      "resolved": "https://registry.npmjs.org/sourcemap-codec/-/sourcemap-codec-1.4.8.tgz",
      "integrity": "sha512-9NykojV5Uih4lgo5So5dtw+f0JgJX30KCNI8gwhz2J9A15wD0Ml6tjHKwf6fTSa6fAdVBdZeNOs9eJ71qCk8vA=="
    },
    "sprintf-js": {
      "version": "1.0.3",
      "resolved": "https://registry.npmjs.org/sprintf-js/-/sprintf-js-1.0.3.tgz",
      "integrity": "sha1-BOaSb2YolTVPPdAVIDYzuFcpfiw="
    },
    "stack-generator": {
      "version": "2.0.5",
      "resolved": "https://registry.npmjs.org/stack-generator/-/stack-generator-2.0.5.tgz",
      "integrity": "sha512-/t1ebrbHkrLrDuNMdeAcsvynWgoH/i4o8EGGfX7dEYDoTXOYVAkEpFdtshlvabzc6JlJ8Kf9YdFEoz7JkzGN9Q==",
      "requires": {
        "stackframe": "^1.1.1"
      }
    },
    "stackframe": {
      "version": "1.1.1",
      "resolved": "https://registry.npmjs.org/stackframe/-/stackframe-1.1.1.tgz",
      "integrity": "sha512-0PlYhdKh6AfFxRyK/v+6/k+/mMfyiEBbTM5L94D0ZytQnJ166wuwoTYLHFWGbs2dpA8Rgq763KGWmN1EQEYHRQ=="
    },
    "stacktrace-gps": {
      "version": "3.0.4",
      "resolved": "https://registry.npmjs.org/stacktrace-gps/-/stacktrace-gps-3.0.4.tgz",
      "integrity": "sha512-qIr8x41yZVSldqdqe6jciXEaSCKw1U8XTXpjDuy0ki/apyTn/r3w9hDAAQOhZdxvsC93H+WwwEu5cq5VemzYeg==",
      "requires": {
        "source-map": "0.5.6",
        "stackframe": "^1.1.1"
      },
      "dependencies": {
        "source-map": {
          "version": "0.5.6",
          "resolved": "https://registry.npmjs.org/source-map/-/source-map-0.5.6.tgz",
          "integrity": "sha1-dc449SvwczxafwwRjYEzSiu19BI="
        }
      }
    },
    "stacktrace-js": {
      "version": "2.0.2",
      "resolved": "https://registry.npmjs.org/stacktrace-js/-/stacktrace-js-2.0.2.tgz",
      "integrity": "sha512-Je5vBeY4S1r/RnLydLl0TBTi3F2qdfWmYsGvtfZgEI+SCprPppaIhQf5nGcal4gI4cGpCV/duLcAzT1np6sQqg==",
      "requires": {
        "error-stack-parser": "^2.0.6",
        "stack-generator": "^2.0.5",
        "stacktrace-gps": "^3.0.4"
      }
    },
    "stylis": {
      "version": "3.5.0",
      "resolved": "https://registry.npmjs.org/stylis/-/stylis-3.5.0.tgz",
      "integrity": "sha512-pP7yXN6dwMzAR29Q0mBrabPCe0/mNO1MSr93bhay+hcZondvMMTpeGyd8nbhYJdyperNT2DRxONQuUGcJr5iPw=="
    },
    "throttle-debounce": {
      "version": "2.1.0",
      "resolved": "https://registry.npmjs.org/throttle-debounce/-/throttle-debounce-2.1.0.tgz",
      "integrity": "sha512-AOvyNahXQuU7NN+VVvOOX+uW6FPaWdAOdRP5HfwYxAfCzXTFKRMoIMk+n+po318+ktcChx+F1Dd91G3YHeMKyg=="
    },
    "tiny-merge-patch": {
      "version": "0.1.2",
      "resolved": "https://registry.npmjs.org/tiny-merge-patch/-/tiny-merge-patch-0.1.2.tgz",
      "integrity": "sha1-Lo3tGcVuoV29OtTtXbHI5a1UTDw="
    },
    "toggle-selection": {
      "version": "1.0.6",
      "resolved": "https://registry.npmjs.org/toggle-selection/-/toggle-selection-1.0.6.tgz",
      "integrity": "sha1-bkWxJj8gF/oKzH2J14sVuL932jI="
    },
    "ts-easing": {
      "version": "0.2.0",
      "resolved": "https://registry.npmjs.org/ts-easing/-/ts-easing-0.2.0.tgz",
      "integrity": "sha512-Z86EW+fFFh/IFB1fqQ3/+7Zpf9t2ebOAxNI/V6Wo7r5gqiqtxmgTlQ1qbqQcjLKYeSHPTsEmvlJUDg/EuL0uHQ=="
    },
    "tslib": {
      "version": "1.11.1",
      "resolved": "https://registry.npmjs.org/tslib/-/tslib-1.11.1.tgz",
      "integrity": "sha512-aZW88SY8kQbU7gpV19lN24LtXh/yD4ZZg6qieAJDDg+YBsJcSmLGK9QpnUjAKVG/xefmvJGd1WUmfpT/g6AJGA=="
    },
    "uc.micro": {
      "version": "1.0.6",
      "resolved": "https://registry.npmjs.org/uc.micro/-/uc.micro-1.0.6.tgz",
      "integrity": "sha512-8Y75pvTYkLJW2hWQHXxoqRgV7qb9B+9vFEtidML+7koHUFapnVJAZ6cKs+Qjz5Aw3aZWHMC6u0wJE3At+nSGwA=="
    },
    "uri-js": {
      "version": "4.2.2",
      "resolved": "https://registry.npmjs.org/uri-js/-/uri-js-4.2.2.tgz",
      "integrity": "sha512-KY9Frmirql91X2Qgjry0Wd4Y+YTdrdZheS8TFwvkbLWf/G5KNJDCh6pKL5OZctEW4+0Baa5idK2ZQuELRwPznQ==",
      "requires": {
        "punycode": "^2.1.0"
      }
    },
    "yaml-ast-parser": {
      "version": "0.0.43",
      "resolved": "https://registry.npmjs.org/yaml-ast-parser/-/yaml-ast-parser-0.0.43.tgz",
      "integrity": "sha512-2PTINUwsRqSd+s8XxKaJWQlUuEMHJQyEuh2edBbW8KNJz0SJPwUSD2zRWqezFEdN7IzAgeuYHFUCF7o8zRdZ0A=="
    }
  }
}
