# THIS IS AN AUTOGENERATED FILE. DO NOT EDIT THIS FILE DIRECTLY.
# yarn lockfile v1


"@types/swagger-ui-dist@^3.0.0":
  version "3.0.1"
  resolved "https://registry.yarnpkg.com/@types/swagger-ui-dist/-/swagger-ui-dist-3.0.1.tgz#bd413cdb4872b647b1feb87eb1c6774bf5ba5d9a"
  integrity sha512-pxGx4q2RVAWvtOs5OJN+Vu1z6t+ez0h0fYPVt9pO86Ghs1dAlxaPkwa2vsdL0fSTbagn4S0Es1zpMbz2OBP2vw==

swagger-ui-dist@^3.22.3:
  version "3.23.1"
  resolved "https://registry.yarnpkg.com/swagger-ui-dist/-/swagger-ui-dist-3.23.1.tgz#0f548d269dd959ba4f92a9b9df0376d32e8456f6"
  integrity sha512-chMAB3JY3tJGLtswyBJGWa5L0nghbImUtFpy2CupswVVC1UsSmVwOI69oOQ1sCxEzQfC2DCu0jUD/x5SjNs+zw==
