# THIS IS AN AUTOGENERATED FILE. DO NOT EDIT THIS FILE DIRECTLY.
# yarn lockfile v1


"@types/swagger-ui-dist@^3.0.0":
  version "3.0.0"
  resolved "https://registry.yarnpkg.com/@types/swagger-ui-dist/-/swagger-ui-dist-3.0.0.tgz#9caf0e064ad7cf2e8fd5bdff0a2005f50a90d68d"
  integrity sha512-b0U4mJ01hpzfqCGOJJu9nPfwE9d/dwqdsrEXNKE5+GkvcMViaSPlAIfD/Hb8oGive4zq7KtTqpE5FD8RhxQ8TA==

swagger-ui-dist@^3.22.3:
  version "3.23.1"
  resolved "https://registry.yarnpkg.com/swagger-ui-dist/-/swagger-ui-dist-3.23.1.tgz#0f548d269dd959ba4f92a9b9df0376d32e8456f6"
  integrity sha512-chMAB3JY3tJGLtswyBJGWa5L0nghbImUtFpy2CupswVVC1UsSmVwOI69oOQ1sCxEzQfC2DCu0jUD/x5SjNs+zw==
