# THIS IS AN AUTOGENERATED FILE. DO NOT EDIT THIS FILE DIRECTLY.
# yarn lockfile v1


"@types/swagger-ui-dist@^3.0.0":
  version "3.0.2"
  resolved "https://registry.yarnpkg.com/@types/swagger-ui-dist/-/swagger-ui-dist-3.0.2.tgz#39cf11718c8d76c65f9eacdf071e4042d695c449"
  integrity sha512-AXiFiZNJxFXhMw/uX0x91UlvREXibeg8Wf6LrQ941MGOzc8TPNkQ3XXNe9989uDL6epdxoTPcq9IanKF+qLfjw==

swagger-ui-dist@^3.22.3:
  version "3.23.2"
  resolved "https://registry.yarnpkg.com/swagger-ui-dist/-/swagger-ui-dist-3.23.2.tgz#3202e9cdb301881182d10177f10afb6fb88f25ff"
  integrity sha512-VzFzAReBABxhOkp1wQh+haxfzVbltxmfr5rff/gFseXx9b0l13AdLxmUHADYEKbDQEyg4GdZ6d7Blz0og8RooQ==
