# THIS IS AN AUTOGENERATED FILE. DO NOT EDIT THIS FILE DIRECTLY.
# yarn lockfile v1


"@types/estree@0.0.39":
  version "0.0.39"
  resolved "https://registry.yarnpkg.com/@types/estree/-/estree-0.0.39.tgz#e177e699ee1b8c22d23174caaa7422644389509f"
  integrity sha512-EYNwp3bU+98cpU4lAWYYL7Zz+2gryWH1qbdDTidVd6hkiR6weksdbMadyXKXNPEkQFhXM+hVO9ZygomHXp+AIw==

"@types/node@*", "@types/node@^12.6.9":
  version "12.6.9"
  resolved "https://registry.yarnpkg.com/@types/node/-/node-12.6.9.tgz#ffeee23afdc19ab16e979338e7b536fdebbbaeaf"
  integrity sha512-+YB9FtyxXGyD54p8rXwWaN1EWEyar5L58GlGWgtH2I9rGmLGBQcw63+0jw+ujqVavNuO47S1ByAjm9zdHMnskw==

"@types/uuid@^3.4.5":
  version "3.4.5"
  resolved "https://registry.yarnpkg.com/@types/uuid/-/uuid-3.4.5.tgz#d4dc10785b497a1474eae0ba7f0cb09c0ddfd6eb"
  integrity sha512-MNL15wC3EKyw1VLF+RoVO4hJJdk9t/Hlv3rt1OL65Qvuadm4BYo6g9ZJQqoq7X8NBFSsQXgAujWciovh2lpVjA==
  dependencies:
    "@types/node" "*"

acorn@^6.2.1:
  version "6.2.1"
  resolved "https://registry.yarnpkg.com/acorn/-/acorn-6.2.1.tgz#3ed8422d6dec09e6121cc7a843ca86a330a86b51"
  integrity sha512-JD0xT5FCRDNyjDda3Lrg/IxFscp9q4tiYtxE1/nOzlKCk7hIRuYjhq1kCNkbPjMRMZuFq20HNQn1I9k8Oj0E+Q==

constate@^1.1.1:
  version "1.2.0"
  resolved "https://registry.yarnpkg.com/constate/-/constate-1.2.0.tgz#2e1e608a8ecb91381fb850810ace712f1e45a504"
  integrity sha512-cdcCg5MFSIU1sq091lpqi7RhY0KB6zYuSFtYOF9fLQRaudZVybRo7IahFxi7vvtfsuAysrTPAMmv5FDHLJ6K8Q==

deepmerge@^3.3.0:
  version "3.3.0"
  resolved "https://registry.yarnpkg.com/deepmerge/-/deepmerge-3.3.0.tgz#d3c47fd6f3a93d517b14426b0628a17b0125f5f7"
  integrity sha512-GRQOafGHwMHpjPx9iCvTgpu9NojZ49q794EEL94JVEw6VaeA8XTUyBKvAkOOjBX9oJNiV6G3P+T+tihFjo2TqA==

rollup@^1.17.0:
  version "1.19.3"
  resolved "https://registry.yarnpkg.com/rollup/-/rollup-1.19.3.tgz#77e59426faa6d8399e7b75c129e81447cf9db317"
  integrity sha512-+6VtYadkQEp6OTSa6ms1eAE/CYW+kD9rCd3fq4E2T3VaVqwTcY4vq0zBcB4nhQANnId+SwSpgCn4RFfOUAsWjQ==
  dependencies:
    "@types/estree" "0.0.39"
    "@types/node" "^12.6.9"
    acorn "^6.2.1"

uuid@^3.3.2:
  version "3.3.2"
  resolved "https://registry.yarnpkg.com/uuid/-/uuid-3.3.2.tgz#1b4af4955eb3077c501c23872fc6513811587131"
  integrity sha512-yXJmeNaw3DnnKAOKJE51sL/ZaYfWJRl1pK9dr19YFCu0ObS231AB1/LbqTKRAQ5kw8A90rA6fr4riOUpTZvQZA==
